
Microsoft Visual Studio Solution File, Format Version 12.00
# Visual Studio 14
VisualStudioVersion = 14.0.24720.0
MinimumVisualStudioVersion = 10.0.40219.1
Project("{FAE04EC0-301F-11D3-BF4B-00C04F79EFBC}") = "ForumSurfer", "ForumSurfer\ForumSurfer.csproj", "{53CDDC58-194A-4E0C-8DCE-E0358A14B81D}"
EndProject
Project("{FAE04EC0-301F-11D3-BF4B-00C04F79EFBC}") = "FeedTester", "FeedTester\FeedTester.csproj", "{16C8FD25-1381-4AC6-AE0B-DFDC1A4703DE}"
EndProject
Global
	GlobalSection(SolutionConfigurationPlatforms) = preSolution
		Debug|Any CPU = Debug|Any CPU
		Release|Any CPU = Release|Any CPU
	EndGlobalSection
	GlobalSection(ProjectConfigurationPlatforms) = postSolution
		{53CDDC58-194A-4E0C-8DCE-E0358A14B81D}.Debug|Any CPU.ActiveCfg = Debug|Any CPU
		{53CDDC58-194A-4E0C-8DCE-E0358A14B81D}.Debug|Any CPU.Build.0 = Debug|Any CPU
		{53CDDC58-194A-4E0C-8DCE-E0358A14B81D}.Release|Any CPU.ActiveCfg = Release|Any CPU
		{53CDDC58-194A-4E0C-8DCE-E0358A14B81D}.Release|Any CPU.Build.0 = Release|Any CPU
		{16C8FD25-1381-4AC6-AE0B-DFDC1A4703DE}.Debug|Any CPU.ActiveCfg = Debug|Any CPU
		{16C8FD25-1381-4AC6-AE0B-DFDC1A4703DE}.Debug|Any CPU.Build.0 = Debug|Any CPU
		{16C8FD25-1381-4AC6-AE0B-DFDC1A4703DE}.Release|Any CPU.ActiveCfg = Release|Any CPU
		{16C8FD25-1381-4AC6-AE0B-DFDC1A4703DE}.Release|Any CPU.Build.0 = Release|Any CPU
	EndGlobalSection
	GlobalSection(SolutionProperties) = preSolution
		HideSolutionNode = FALSE
	EndGlobalSection
EndGlobal
